
Microsoft Visual Studio Solution File, Format Version 12.00
# Visual Studio 2013
VisualStudioVersion = 12.0.40629.0
MinimumVisualStudioVersion = 10.0.40219.1
Project("{FAE04EC0-301F-11D3-BF4B-00C04F79EFBC}") = "KakashiServiceConsole", "KakashiServiceConsole\KakashiServiceConsole.csproj", "{95E46C79-4141-4D7E-9F73-8596F02EA548}"
EndProject
Global
	GlobalSection(TeamFoundationVersionControl) = preSolution
		SccNumberOfProjects = 2
		SccEnterpriseProvider = {4CA58AB2-18FA-4F8D-95D4-32DDF27D184C}
		SccTeamFoundationServer = https://luancaius.visualstudio.com/
		SccLocalPath0 = .
		SccProjectUniqueName1 = KakashiServiceConsole\\KakashiServiceConsole.csproj
		SccProjectName1 = KakashiServiceConsole
		SccLocalPath1 = KakashiServiceConsole
	EndGlobalSection
	GlobalSection(SolutionConfigurationPlatforms) = preSolution
		Casa|Any CPU = Casa|Any CPU
		Ceub|Any CPU = Ceub|Any CPU
		Stefanini|Any CPU = Stefanini|Any CPU
	EndGlobalSection
	GlobalSection(ProjectConfigurationPlatforms) = postSolution
		{95E46C79-4141-4D7E-9F73-8596F02EA548}.Casa|Any CPU.ActiveCfg = Casa|Any CPU
		{95E46C79-4141-4D7E-9F73-8596F02EA548}.Casa|Any CPU.Build.0 = Casa|Any CPU
		{95E46C79-4141-4D7E-9F73-8596F02EA548}.Ceub|Any CPU.ActiveCfg = Ceub|Any CPU
		{95E46C79-4141-4D7E-9F73-8596F02EA548}.Ceub|Any CPU.Build.0 = Ceub|Any CPU
		{95E46C79-4141-4D7E-9F73-8596F02EA548}.Stefanini|Any CPU.ActiveCfg = Stefanini|Any CPU
		{95E46C79-4141-4D7E-9F73-8596F02EA548}.Stefanini|Any CPU.Build.0 = Stefanini|Any CPU
	EndGlobalSection
	GlobalSection(SolutionProperties) = preSolution
		HideSolutionNode = FALSE
	EndGlobalSection
EndGlobal
